
Microsoft Visual Studio Solution File, Format Version 12.00
# Visual Studio 2013
VisualStudioVersion = 12.0.31101.0
MinimumVisualStudioVersion = 10.0.40219.1
Project("{FAE04EC0-301F-11D3-BF4B-00C04F79EFBC}") = "DungeonMart", "DungeonMart\DungeonMart.csproj", "{C64D0D94-71A6-4497-A1EA-AB10DB86C2C6}"
EndProject
Project("{FAE04EC0-301F-11D3-BF4B-00C04F79EFBC}") = "DungeonMart.UnitTests", "DungeonMart.UnitTests\DungeonMart.UnitTests.csproj", "{258B4B32-9471-457D-B21A-F73FAE9BE846}"
EndProject
Project("{2150E333-8FDC-42A3-9474-1A3956D46DE8}") = ".nuget", ".nuget", "{EC8795F4-787B-457F-ACC5-2CF9ECB3AB9A}"
	ProjectSection(SolutionItems) = preProject
		.nuget\NuGet.Config = .nuget\NuGet.Config
		.nuget\NuGet.exe = .nuget\NuGet.exe
		.nuget\NuGet.targets = .nuget\NuGet.targets
	EndProjectSection
EndProject
Project("{FAE04EC0-301F-11D3-BF4B-00C04F79EFBC}") = "DungeonMart.Characters.API", "DungeonMart.Characters.API\DungeonMart.Characters.API.csproj", "{66DF67DA-3EBE-4C11-8D50-D9E604AFCD9D}"
EndProject
Project("{FAE04EC0-301F-11D3-BF4B-00C04F79EFBC}") = "DungeonMart.Web", "DungeonMart.Web\DungeonMart.Web.csproj", "{950BFBBB-2333-4E18-91BA-F8E01E61C4BA}"
EndProject
Global
	GlobalSection(SolutionConfigurationPlatforms) = preSolution
		Debug|Any CPU = Debug|Any CPU
		Release|Any CPU = Release|Any CPU
	EndGlobalSection
	GlobalSection(ProjectConfigurationPlatforms) = postSolution
		{C64D0D94-71A6-4497-A1EA-AB10DB86C2C6}.Debug|Any CPU.ActiveCfg = Debug|Any CPU
		{C64D0D94-71A6-4497-A1EA-AB10DB86C2C6}.Debug|Any CPU.Build.0 = Debug|Any CPU
		{C64D0D94-71A6-4497-A1EA-AB10DB86C2C6}.Release|Any CPU.ActiveCfg = Release|Any CPU
		{C64D0D94-71A6-4497-A1EA-AB10DB86C2C6}.Release|Any CPU.Build.0 = Release|Any CPU
		{258B4B32-9471-457D-B21A-F73FAE9BE846}.Debug|Any CPU.ActiveCfg = Debug|Any CPU
		{258B4B32-9471-457D-B21A-F73FAE9BE846}.Debug|Any CPU.Build.0 = Debug|Any CPU
		{258B4B32-9471-457D-B21A-F73FAE9BE846}.Release|Any CPU.ActiveCfg = Release|Any CPU
		{258B4B32-9471-457D-B21A-F73FAE9BE846}.Release|Any CPU.Build.0 = Release|Any CPU
		{66DF67DA-3EBE-4C11-8D50-D9E604AFCD9D}.Debug|Any CPU.ActiveCfg = Debug|Any CPU
		{66DF67DA-3EBE-4C11-8D50-D9E604AFCD9D}.Debug|Any CPU.Build.0 = Debug|Any CPU
		{66DF67DA-3EBE-4C11-8D50-D9E604AFCD9D}.Release|Any CPU.ActiveCfg = Release|Any CPU
		{66DF67DA-3EBE-4C11-8D50-D9E604AFCD9D}.Release|Any CPU.Build.0 = Release|Any CPU
		{950BFBBB-2333-4E18-91BA-F8E01E61C4BA}.Debug|Any CPU.ActiveCfg = Debug|Any CPU
		{950BFBBB-2333-4E18-91BA-F8E01E61C4BA}.Debug|Any CPU.Build.0 = Debug|Any CPU
		{950BFBBB-2333-4E18-91BA-F8E01E61C4BA}.Release|Any CPU.ActiveCfg = Release|Any CPU
		{950BFBBB-2333-4E18-91BA-F8E01E61C4BA}.Release|Any CPU.Build.0 = Release|Any CPU
	EndGlobalSection
	GlobalSection(SolutionProperties) = preSolution
		HideSolutionNode = FALSE
	EndGlobalSection
EndGlobal
